# @generated by Move, please check-in and do not edit manually.

[move]
version = 3
manifest_digest = "B33169C581062E9793E37F6653D0B404AD457AA14F5AC87E66C212D1FE587F29"
deps_digest = "F8BBB0CCB2491CA29A3DF03D6F92277A4F3574266507ACD77214D37ECA3F3082"
dependencies = [
  { id = "Sui", name = "Sui" },
]

[[move.package]]
id = "MoveStdlib"
source = { git = "https://github.com/MystenLabs/sui.git", rev = "framework/testnet", subdir = "crates/sui-framework/packages/move-stdlib" }

[[move.package]]
id = "Sui"
source = { git = "https://github.com/MystenLabs/sui.git", rev = "framework/testnet", subdir = "crates/sui-framework/packages/sui-framework" }

dependencies = [
  { id = "MoveStdlib", name = "MoveStdlib" },
]

[move.toolchain-version]
compiler-version = "1.51.0"
edition = "2024.alpha"
flavor = "sui"

[env]

[env.testnet]
chain-id = "4c78adac"
original-published-id = "0x103b287368a1435c11f649574d32efe5d53c9a6d30673392abffcf43f90b9894"
latest-published-id = "0x103b287368a1435c11f649574d32efe5d53c9a6d30673392abffcf43f90b9894"
published-version = "1"

[env.devnet]
chain-id = "aba3e445"
original-published-id = "0xfcdee3992772e0ade4afdd618888a3096dc81429f711360ded95305fd1c9216c"
latest-published-id = "0xfcdee3992772e0ade4afdd618888a3096dc81429f711360ded95305fd1c9216c"
published-version = "1"
