# @generated by Move, please check-in and do not edit manually.

[move]
version = 3
manifest_digest = "3C1036E03FE23D13EBA437ABD88F3FECA8EE30F65C80321A3C73EF9FEBD46907"
deps_digest = "F8BBB0CCB2491CA29A3DF03D6F92277A4F3574266507ACD77214D37ECA3F3082"
dependencies = [
  { id = "Sui", name = "Sui" },
]

[[move.package]]
id = "MoveStdlib"
source = { git = "https://github.com/MystenLabs/sui.git", rev = "framework/testnet", subdir = "crates/sui-framework/packages/move-stdlib" }

[[move.package]]
id = "Sui"
source = { git = "https://github.com/MystenLabs/sui.git", rev = "framework/testnet", subdir = "crates/sui-framework/packages/sui-framework" }

dependencies = [
  { id = "MoveStdlib", name = "MoveStdlib" },
]

[move.toolchain-version]
compiler-version = "1.49.0"
edition = "2024"
flavor = "sui"

[env]

[env.testnet]
chain-id = "4c78adac"
original-published-id = "0x103b287368a1435c11f649574d32efe5d53c9a6d30673392abffcf43f90b9894"
latest-published-id = "0x103b287368a1435c11f649574d32efe5d53c9a6d30673392abffcf43f90b9894"
published-version = "1"
